
Microsoft Visual Studio Solution File, Format Version 12.00
# Visual Studio Version 16
VisualStudioVersion = 16.0.31019.35
MinimumVisualStudioVersion = 10.0.40219.1
Project("{FAE04EC0-301F-11D3-BF4B-00C04F79EFBC}") = "PayrollApp", "PayrollApp\PayrollApp.csproj", "{67FEB382-CF30-4A9F-8262-44B805C3ADBD}"
EndProject
Global
	GlobalSection(SolutionConfigurationPlatforms) = preSolution
		Debug|Any CPU = Debug|Any CPU
		Release|Any CPU = Release|Any CPU
	EndGlobalSection
	GlobalSection(ProjectConfigurationPlatforms) = postSolution
		{67FEB382-CF30-4A9F-8262-44B805C3ADBD}.Debug|Any CPU.ActiveCfg = Debug|Any CPU
		{67FEB382-CF30-4A9F-8262-44B805C3ADBD}.Debug|Any CPU.Build.0 = Debug|Any CPU
		{67FEB382-CF30-4A9F-8262-44B805C3ADBD}.Release|Any CPU.ActiveCfg = Release|Any CPU
		{67FEB382-CF30-4A9F-8262-44B805C3ADBD}.Release|Any CPU.Build.0 = Release|Any CPU
	EndGlobalSection
	GlobalSection(SolutionProperties) = preSolution
		HideSolutionNode = FALSE
	EndGlobalSection
	GlobalSection(ExtensibilityGlobals) = postSolution
		SolutionGuid = {0E1A3D17-2508-4785-80AB-D0E34A4DDDC3}
	EndGlobalSection
EndGlobal
